
Microsoft Visual Studio Solution File, Format Version 12.00
# Visual Studio 15
VisualStudioVersion = 15.0.28307.1259
MinimumVisualStudioVersion = 10.0.40219.1
Project("{FAE04EC0-301F-11D3-BF4B-00C04F79EFBC}") = "PROJECT I (EXAM SYSTEM)", "PROJECT I (EXAM SYSTEM)\PROJECT I (EXAM SYSTEM).csproj", "{53531AF5-73D7-43C4-8B95-DD184B2C6F47}"
EndProject
Project("{FAE04EC0-301F-11D3-BF4B-00C04F79EFBC}") = "PROJECT I (EXAM SYSTEM).Tests", "PROJECT I (EXAM SYSTEM).Tests\PROJECT I (EXAM SYSTEM).Tests.csproj", "{E4E74F9A-2359-43CB-A8D0-9C4CB71313BC}"
EndProject
Global
	GlobalSection(SolutionConfigurationPlatforms) = preSolution
		Debug|Any CPU = Debug|Any CPU
		Release|Any CPU = Release|Any CPU
	EndGlobalSection
	GlobalSection(ProjectConfigurationPlatforms) = postSolution
		{53531AF5-73D7-43C4-8B95-DD184B2C6F47}.Debug|Any CPU.ActiveCfg = Debug|Any CPU
		{53531AF5-73D7-43C4-8B95-DD184B2C6F47}.Debug|Any CPU.Build.0 = Debug|Any CPU
		{53531AF5-73D7-43C4-8B95-DD184B2C6F47}.Release|Any CPU.ActiveCfg = Release|Any CPU
		{53531AF5-73D7-43C4-8B95-DD184B2C6F47}.Release|Any CPU.Build.0 = Release|Any CPU
		{E4E74F9A-2359-43CB-A8D0-9C4CB71313BC}.Debug|Any CPU.ActiveCfg = Debug|Any CPU
		{E4E74F9A-2359-43CB-A8D0-9C4CB71313BC}.Debug|Any CPU.Build.0 = Debug|Any CPU
		{E4E74F9A-2359-43CB-A8D0-9C4CB71313BC}.Release|Any CPU.ActiveCfg = Release|Any CPU
		{E4E74F9A-2359-43CB-A8D0-9C4CB71313BC}.Release|Any CPU.Build.0 = Release|Any CPU
	EndGlobalSection
	GlobalSection(SolutionProperties) = preSolution
		HideSolutionNode = FALSE
	EndGlobalSection
	GlobalSection(ExtensibilityGlobals) = postSolution
		SolutionGuid = {46BE411A-22FA-4BEC-BE76-B79008537BC2}
	EndGlobalSection
EndGlobal
